// !$*UTF8*$!
{
	archiveVersion = 1;
	classes = {
	};
	objectVersion = 55;
	objects = {

/* Begin PBXBuildFile section */
		2A28F6A128CA724B00AF021E /* BigBurgerMain.swift in Sources */ = {isa = PBXBuildFile; fileRef = 2A28F6A028CA724B00AF021E /* BigBurgerMain.swift */; };
		2A28F6A328CA726F00AF021E /* BigBurgerAppTests.swift in Sources */ = {isa = PBXBuildFile; fileRef = 2A28F6A228CA726F00AF021E /* BigBurgerAppTests.swift */; };
		2A28F6A828CA760700AF021E /* ServerService.swift in Sources */ = {isa = PBXBuildFile; fileRef = 2A28F6A728CA760700AF021E /* ServerService.swift */; };
		2A28F6AD28CA76DC00AF021E /* ServerProtocol.swift in Sources */ = {isa = PBXBuildFile; fileRef = 2A28F6AC28CA76DC00AF021E /* ServerProtocol.swift */; };
		2A28F6B128CA771300AF021E /* URLSessionProtocol.swift in Sources */ = {isa = PBXBuildFile; fileRef = 2A28F6B028CA771300AF021E /* URLSessionProtocol.swift */; };
		2A28F6B528CA77BB00AF021E /* BurgerData.swift in Sources */ = {isa = PBXBuildFile; fileRef = 2A28F6B428CA77BB00AF021E /* BurgerData.swift */; };
		2A28F6BC28CA7AA900AF021E /* ServerError.swift in Sources */ = {isa = PBXBuildFile; fileRef = 2A28F6BB28CA7AA900AF021E /* ServerError.swift */; };
		2A28F6BE28CA7AE800AF021E /* ServerEndpoint.swift in Sources */ = {isa = PBXBuildFile; fileRef = 2A28F6BD28CA7AE800AF021E /* ServerEndpoint.swift */; };
		2A28F6C128CA7B3300AF021E /* Bundle+BaseURL.swift in Sources */ = {isa = PBXBuildFile; fileRef = 2A28F6C028CA7B3300AF021E /* Bundle+BaseURL.swift */; };
		2A28F6C728CA7C5400AF021E /* ServerEndpointTests.swift in Sources */ = {isa = PBXBuildFile; fileRef = 2A28F6C628CA7C5400AF021E /* ServerEndpointTests.swift */; };
		2A28F6CF28CA832E00AF021E /* JsonFileName.swift in Sources */ = {isa = PBXBuildFile; fileRef = 2A28F6CE28CA832E00AF021E /* JsonFileName.swift */; };
		2A28F6D128CA835C00AF021E /* BurgersData.json in Resources */ = {isa = PBXBuildFile; fileRef = 2A28F6D028CA835C00AF021E /* BurgersData.json */; };
		2A28F6D428CA83C800AF021E /* BurgersDataFakes.swift in Sources */ = {isa = PBXBuildFile; fileRef = 2A28F6D328CA83C800AF021E /* BurgersDataFakes.swift */; };
		2A28F6D728CA865D00AF021E /* UnitTestsHelpers.swift in Sources */ = {isa = PBXBuildFile; fileRef = 2A28F6D628CA865D00AF021E /* UnitTestsHelpers.swift */; };
		2A28F6DC28CA874B00AF021E /* ServerSideServiceMock.swift in Sources */ = {isa = PBXBuildFile; fileRef = 2A28F6DB28CA874B00AF021E /* ServerSideServiceMock.swift */; };
		2A28F6DE28CA893B00AF021E /* URLSessionMock.swift in Sources */ = {isa = PBXBuildFile; fileRef = 2A28F6DD28CA893B00AF021E /* URLSessionMock.swift */; };
		2A28F6E028CA8C1500AF021E /* HomeViewModel.swift in Sources */ = {isa = PBXBuildFile; fileRef = 2A28F6DF28CA8C1500AF021E /* HomeViewModel.swift */; };
		2A28F6E428CA8C6700AF021E /* HomeViewModelTests.swift in Sources */ = {isa = PBXBuildFile; fileRef = 2A28F6E328CA8C6700AF021E /* HomeViewModelTests.swift */; };
		2A28F6EC28CA914700AF021E /* BurgerLocal.swift in Sources */ = {isa = PBXBuildFile; fileRef = 2A28F6EB28CA914700AF021E /* BurgerLocal.swift */; };
		2A28F6EE28CA952B00AF021E /* HomeAlert.swift in Sources */ = {isa = PBXBuildFile; fileRef = 2A28F6ED28CA952B00AF021E /* HomeAlert.swift */; };
		2A28F6F228CA972D00AF021E /* MainProgressView.swift in Sources */ = {isa = PBXBuildFile; fileRef = 2A28F6F128CA972D00AF021E /* MainProgressView.swift */; };
		2A28F6F428CA976F00AF021E /* Color+Names.swift in Sources */ = {isa = PBXBuildFile; fileRef = 2A28F6F328CA976F00AF021E /* Color+Names.swift */; };
		2A28F6F728CAA31C00AF021E /* BurgerLargeCell.swift in Sources */ = {isa = PBXBuildFile; fileRef = 2A28F6F628CAA31C00AF021E /* BurgerLargeCell.swift */; };
		2A28F6F828CAA41200AF021E /* BurgersDataFakes.swift in Sources */ = {isa = PBXBuildFile; fileRef = 2A28F6D328CA83C800AF021E /* BurgersDataFakes.swift */; };
		2A5CACF628C7E626002B8392 /* BaseXCTestCase.swift in Sources */ = {isa = PBXBuildFile; fileRef = 2A5CACF528C7E626002B8392 /* BaseXCTestCase.swift */; };
		2A7376E628C9506C00E1CCCF /* TabBarView.swift in Sources */ = {isa = PBXBuildFile; fileRef = 2A7376E528C9506C00E1CCCF /* TabBarView.swift */; };
		2A7376EB28C951A200E1CCCF /* SideBarView.swift in Sources */ = {isa = PBXBuildFile; fileRef = 2A7376EA28C951A200E1CCCF /* SideBarView.swift */; };
		2A7376ED28C952A900E1CCCF /* HomeView.swift in Sources */ = {isa = PBXBuildFile; fileRef = 2A7376EC28C952A900E1CCCF /* HomeView.swift */; };
		2A7376EF28C9532100E1CCCF /* CartView.swift in Sources */ = {isa = PBXBuildFile; fileRef = 2A7376EE28C9532100E1CCCF /* CartView.swift */; };
		2A79A36C28CAA88F00E96783 /* AsyncImageView.swift in Sources */ = {isa = PBXBuildFile; fileRef = 2A79A36B28CAA88F00E96783 /* AsyncImageView.swift */; };
		2A79A36F28CAAF4300E96783 /* PriceCardButton.swift in Sources */ = {isa = PBXBuildFile; fileRef = 2A79A36E28CAAF4300E96783 /* PriceCardButton.swift */; };
		2AE72CA128C7E16500FE50F3 /* BigBurgerApp.swift in Sources */ = {isa = PBXBuildFile; fileRef = 2AE72CA028C7E16500FE50F3 /* BigBurgerApp.swift */; };
		2AE72CA328C7E16500FE50F3 /* ContentView.swift in Sources */ = {isa = PBXBuildFile; fileRef = 2AE72CA228C7E16500FE50F3 /* ContentView.swift */; };
		2AE72CA528C7E16600FE50F3 /* Assets.xcassets in Resources */ = {isa = PBXBuildFile; fileRef = 2AE72CA428C7E16600FE50F3 /* Assets.xcassets */; };
/* End PBXBuildFile section */

/* Begin PBXContainerItemProxy section */
		2AE72CAE28C7E16600FE50F3 /* PBXContainerItemProxy */ = {
			isa = PBXContainerItemProxy;
			containerPortal = 2AE72C6528C7E12400FE50F3 /* Project object */;
			proxyType = 1;
			remoteGlobalIDString = 2AE72C9D28C7E16500FE50F3;
			remoteInfo = BigBurger;
		};
/* End PBXContainerItemProxy section */

/* Begin PBXFileReference section */
		2A28F6A028CA724B00AF021E /* BigBurgerMain.swift */ = {isa = PBXFileReference; lastKnownFileType = sourcecode.swift; path = BigBurgerMain.swift; sourceTree = "<group>"; };
		2A28F6A228CA726F00AF021E /* BigBurgerAppTests.swift */ = {isa = PBXFileReference; lastKnownFileType = sourcecode.swift; path = BigBurgerAppTests.swift; sourceTree = "<group>"; };
		2A28F6A428CA74FB00AF021E /* Production.xctestplan */ = {isa = PBXFileReference; lastKnownFileType = text; path = Production.xctestplan; sourceTree = "<group>"; };
		2A28F6A728CA760700AF021E /* ServerService.swift */ = {isa = PBXFileReference; lastKnownFileType = sourcecode.swift; path = ServerService.swift; sourceTree = "<group>"; };
		2A28F6AC28CA76DC00AF021E /* ServerProtocol.swift */ = {isa = PBXFileReference; lastKnownFileType = sourcecode.swift; path = ServerProtocol.swift; sourceTree = "<group>"; };
		2A28F6B028CA771300AF021E /* URLSessionProtocol.swift */ = {isa = PBXFileReference; lastKnownFileType = sourcecode.swift; path = URLSessionProtocol.swift; sourceTree = "<group>"; };
		2A28F6B428CA77BB00AF021E /* BurgerData.swift */ = {isa = PBXFileReference; lastKnownFileType = sourcecode.swift; path = BurgerData.swift; sourceTree = "<group>"; };
		2A28F6BB28CA7AA900AF021E /* ServerError.swift */ = {isa = PBXFileReference; lastKnownFileType = sourcecode.swift; path = ServerError.swift; sourceTree = "<group>"; };
		2A28F6BD28CA7AE800AF021E /* ServerEndpoint.swift */ = {isa = PBXFileReference; lastKnownFileType = sourcecode.swift; path = ServerEndpoint.swift; sourceTree = "<group>"; };
		2A28F6C028CA7B3300AF021E /* Bundle+BaseURL.swift */ = {isa = PBXFileReference; lastKnownFileType = sourcecode.swift; path = "Bundle+BaseURL.swift"; sourceTree = "<group>"; };
		2A28F6C628CA7C5400AF021E /* ServerEndpointTests.swift */ = {isa = PBXFileReference; lastKnownFileType = sourcecode.swift; path = ServerEndpointTests.swift; sourceTree = "<group>"; };
		2A28F6C828CA811D00AF021E /* BigBurgerInfo.plist */ = {isa = PBXFileReference; lastKnownFileType = text.plist.xml; path = BigBurgerInfo.plist; sourceTree = "<group>"; };
		2A28F6CE28CA832E00AF021E /* JsonFileName.swift */ = {isa = PBXFileReference; lastKnownFileType = sourcecode.swift; path = JsonFileName.swift; sourceTree = "<group>"; };
		2A28F6D028CA835C00AF021E /* BurgersData.json */ = {isa = PBXFileReference; lastKnownFileType = text.json; path = BurgersData.json; sourceTree = "<group>"; };
		2A28F6D328CA83C800AF021E /* BurgersDataFakes.swift */ = {isa = PBXFileReference; lastKnownFileType = sourcecode.swift; path = BurgersDataFakes.swift; sourceTree = "<group>"; };
		2A28F6D628CA865D00AF021E /* UnitTestsHelpers.swift */ = {isa = PBXFileReference; lastKnownFileType = sourcecode.swift; path = UnitTestsHelpers.swift; sourceTree = "<group>"; };
		2A28F6DB28CA874B00AF021E /* ServerSideServiceMock.swift */ = {isa = PBXFileReference; lastKnownFileType = sourcecode.swift; path = ServerSideServiceMock.swift; sourceTree = "<group>"; };
		2A28F6DD28CA893B00AF021E /* URLSessionMock.swift */ = {isa = PBXFileReference; lastKnownFileType = sourcecode.swift; path = URLSessionMock.swift; sourceTree = "<group>"; };
		2A28F6DF28CA8C1500AF021E /* HomeViewModel.swift */ = {isa = PBXFileReference; lastKnownFileType = sourcecode.swift; path = HomeViewModel.swift; sourceTree = "<group>"; };
		2A28F6E328CA8C6700AF021E /* HomeViewModelTests.swift */ = {isa = PBXFileReference; lastKnownFileType = sourcecode.swift; path = HomeViewModelTests.swift; sourceTree = "<group>"; };
		2A28F6EB28CA914700AF021E /* BurgerLocal.swift */ = {isa = PBXFileReference; lastKnownFileType = sourcecode.swift; path = BurgerLocal.swift; sourceTree = "<group>"; };
		2A28F6ED28CA952B00AF021E /* HomeAlert.swift */ = {isa = PBXFileReference; lastKnownFileType = sourcecode.swift; path = HomeAlert.swift; sourceTree = "<group>"; };
		2A28F6F128CA972D00AF021E /* MainProgressView.swift */ = {isa = PBXFileReference; lastKnownFileType = sourcecode.swift; path = MainProgressView.swift; sourceTree = "<group>"; };
		2A28F6F328CA976F00AF021E /* Color+Names.swift */ = {isa = PBXFileReference; lastKnownFileType = sourcecode.swift; path = "Color+Names.swift"; sourceTree = "<group>"; };
		2A28F6F628CAA31C00AF021E /* BurgerLargeCell.swift */ = {isa = PBXFileReference; lastKnownFileType = sourcecode.swift; path = BurgerLargeCell.swift; sourceTree = "<group>"; };
		2A5CACE928C7E422002B8392 /* DevelopmentConfig.xcconfig */ = {isa = PBXFileReference; lastKnownFileType = text.xcconfig; path = DevelopmentConfig.xcconfig; sourceTree = "<group>"; };
		2A5CACEA28C7E431002B8392 /* ProductionConfig.xcconfig */ = {isa = PBXFileReference; lastKnownFileType = text.xcconfig; path = ProductionConfig.xcconfig; sourceTree = "<group>"; };
		2A5CACF528C7E626002B8392 /* BaseXCTestCase.swift */ = {isa = PBXFileReference; lastKnownFileType = sourcecode.swift; path = BaseXCTestCase.swift; sourceTree = "<group>"; };
		2A5CACF828C7E702002B8392 /* Development.xctestplan */ = {isa = PBXFileReference; lastKnownFileType = text; path = Development.xctestplan; sourceTree = "<group>"; };
		2A7376E528C9506C00E1CCCF /* TabBarView.swift */ = {isa = PBXFileReference; lastKnownFileType = sourcecode.swift; path = TabBarView.swift; sourceTree = "<group>"; };
		2A7376EA28C951A200E1CCCF /* SideBarView.swift */ = {isa = PBXFileReference; lastKnownFileType = sourcecode.swift; path = SideBarView.swift; sourceTree = "<group>"; };
		2A7376EC28C952A900E1CCCF /* HomeView.swift */ = {isa = PBXFileReference; lastKnownFileType = sourcecode.swift; path = HomeView.swift; sourceTree = "<group>"; };
		2A7376EE28C9532100E1CCCF /* CartView.swift */ = {isa = PBXFileReference; lastKnownFileType = sourcecode.swift; path = CartView.swift; sourceTree = "<group>"; };
		2A79A36B28CAA88F00E96783 /* AsyncImageView.swift */ = {isa = PBXFileReference; lastKnownFileType = sourcecode.swift; path = AsyncImageView.swift; sourceTree = "<group>"; };
		2A79A36E28CAAF4300E96783 /* PriceCardButton.swift */ = {isa = PBXFileReference; lastKnownFileType = sourcecode.swift; path = PriceCardButton.swift; sourceTree = "<group>"; };
		2AE72C9E28C7E16500FE50F3 /* BigBurger.app */ = {isa = PBXFileReference; explicitFileType = wrapper.application; includeInIndex = 0; path = BigBurger.app; sourceTree = BUILT_PRODUCTS_DIR; };
		2AE72CA028C7E16500FE50F3 /* BigBurgerApp.swift */ = {isa = PBXFileReference; lastKnownFileType = sourcecode.swift; path = BigBurgerApp.swift; sourceTree = "<group>"; };
		2AE72CA228C7E16500FE50F3 /* ContentView.swift */ = {isa = PBXFileReference; lastKnownFileType = sourcecode.swift; path = ContentView.swift; sourceTree = "<group>"; };
		2AE72CA428C7E16600FE50F3 /* Assets.xcassets */ = {isa = PBXFileReference; lastKnownFileType = folder.assetcatalog; path = Assets.xcassets; sourceTree = "<group>"; };
		2AE72CAD28C7E16600FE50F3 /* BigBurgerTests.xctest */ = {isa = PBXFileReference; explicitFileType = wrapper.cfbundle; includeInIndex = 0; path = BigBurgerTests.xctest; sourceTree = BUILT_PRODUCTS_DIR; };
/* End PBXFileReference section */

/* Begin PBXFrameworksBuildPhase section */
		2AE72C9B28C7E16500FE50F3 /* Frameworks */ = {
			isa = PBXFrameworksBuildPhase;
			buildActionMask = 2147483647;
			files = (
			);
			runOnlyForDeploymentPostprocessing = 0;
		};
		2AE72CAA28C7E16600FE50F3 /* Frameworks */ = {
			isa = PBXFrameworksBuildPhase;
			buildActionMask = 2147483647;
			files = (
			);
			runOnlyForDeploymentPostprocessing = 0;
		};
/* End PBXFrameworksBuildPhase section */

/* Begin PBXGroup section */
		2A28F6A528CA75E900AF021E /* Services */ = {
			isa = PBXGroup;
			children = (
				2A28F6A628CA75F900AF021E /* Server */,
			);
			path = Services;
			sourceTree = "<group>";
		};
		2A28F6A628CA75F900AF021E /* Server */ = {
			isa = PBXGroup;
			children = (
				2A28F6A728CA760700AF021E /* ServerService.swift */,
			);
			path = Server;
			sourceTree = "<group>";
		};
		2A28F6AA28CA76AC00AF021E /* Protocols */ = {
			isa = PBXGroup;
			children = (
				2A28F6AF28CA770900AF021E /* URLSession */,
				2A28F6AB28CA76CE00AF021E /* Server */,
			);
			path = Protocols;
			sourceTree = "<group>";
		};
		2A28F6AB28CA76CE00AF021E /* Server */ = {
			isa = PBXGroup;
			children = (
				2A28F6AC28CA76DC00AF021E /* ServerProtocol.swift */,
			);
			path = Server;
			sourceTree = "<group>";
		};
		2A28F6AF28CA770900AF021E /* URLSession */ = {
			isa = PBXGroup;
			children = (
				2A28F6B028CA771300AF021E /* URLSessionProtocol.swift */,
			);
			path = URLSession;
			sourceTree = "<group>";
		};
		2A28F6B228CA778E00AF021E /* Models */ = {
			isa = PBXGroup;
			children = (
				2A28F6B328CA779B00AF021E /* Data */,
				2A28F6EA28CA913C00AF021E /* Local */,
			);
			path = Models;
			sourceTree = "<group>";
		};
		2A28F6B328CA779B00AF021E /* Data */ = {
			isa = PBXGroup;
			children = (
				2A28F6B428CA77BB00AF021E /* BurgerData.swift */,
			);
			path = Data;
			sourceTree = "<group>";
		};
		2A28F6B628CA7A3200AF021E /* Enums */ = {
			isa = PBXGroup;
			children = (
				2A28F6ED28CA952B00AF021E /* HomeAlert.swift */,
				2A28F6BD28CA7AE800AF021E /* ServerEndpoint.swift */,
				2A28F6BB28CA7AA900AF021E /* ServerError.swift */,
			);
			path = Enums;
			sourceTree = "<group>";
		};
		2A28F6BF28CA7B1500AF021E /* Extensions */ = {
			isa = PBXGroup;
			children = (
				2A28F6C028CA7B3300AF021E /* Bundle+BaseURL.swift */,
				2A28F6F328CA976F00AF021E /* Color+Names.swift */,
			);
			path = Extensions;
			sourceTree = "<group>";
		};
		2A28F6C228CA7C1900AF021E /* Cases */ = {
			isa = PBXGroup;
			children = (
				2A28F6C428CA7C3800AF021E /* Enums */,
				2A28F6E128CA8C4600AF021E /* Features */,
			);
			path = Cases;
			sourceTree = "<group>";
		};
		2A28F6C428CA7C3800AF021E /* Enums */ = {
			isa = PBXGroup;
			children = (
				2A28F6C528CA7C3E00AF021E /* Server */,
			);
			path = Enums;
			sourceTree = "<group>";
		};
		2A28F6C528CA7C3E00AF021E /* Server */ = {
			isa = PBXGroup;
			children = (
				2A28F6C628CA7C5400AF021E /* ServerEndpointTests.swift */,
			);
			path = Server;
			sourceTree = "<group>";
		};
		2A28F6C928CA816500AF021E /* InfoPlists */ = {
			isa = PBXGroup;
			children = (
				2A28F6C828CA811D00AF021E /* BigBurgerInfo.plist */,
			);
			path = InfoPlists;
			sourceTree = "<group>";
		};
		2A28F6CB28CA82FA00AF021E /* Doubles */ = {
			isa = PBXGroup;
			children = (
				2A28F6CC28CA830800AF021E /* Fakes */,
				2A28F6D828CA872200AF021E /* Mocks */,
			);
			path = Doubles;
			sourceTree = "<group>";
		};
		2A28F6CC28CA830800AF021E /* Fakes */ = {
			isa = PBXGroup;
			children = (
				2A28F6CD28CA831400AF021E /* Jsons */,
				2A28F6D228CA83B300AF021E /* Models */,
			);
			path = Fakes;
			sourceTree = "<group>";
		};
		2A28F6CD28CA831400AF021E /* Jsons */ = {
			isa = PBXGroup;
			children = (
				2A28F6CE28CA832E00AF021E /* JsonFileName.swift */,
				2A28F6D028CA835C00AF021E /* BurgersData.json */,
			);
			path = Jsons;
			sourceTree = "<group>";
		};
		2A28F6D228CA83B300AF021E /* Models */ = {
			isa = PBXGroup;
			children = (
				2A28F6E728CA8ECD00AF021E /* Data */,
			);
			path = Models;
			sourceTree = "<group>";
		};
		2A28F6D528CA864400AF021E /* Helpers */ = {
			isa = PBXGroup;
			children = (
				2A28F6D628CA865D00AF021E /* UnitTestsHelpers.swift */,
			);
			path = Helpers;
			sourceTree = "<group>";
		};
		2A28F6D828CA872200AF021E /* Mocks */ = {
			isa = PBXGroup;
			children = (
				2A28F6D928CA873200AF021E /* Services */,
			);
			path = Mocks;
			sourceTree = "<group>";
		};
		2A28F6D928CA873200AF021E /* Services */ = {
			isa = PBXGroup;
			children = (
				2A28F6DA28CA873A00AF021E /* Server */,
			);
			path = Services;
			sourceTree = "<group>";
		};
		2A28F6DA28CA873A00AF021E /* Server */ = {
			isa = PBXGroup;
			children = (
				2A28F6DB28CA874B00AF021E /* ServerSideServiceMock.swift */,
				2A28F6DD28CA893B00AF021E /* URLSessionMock.swift */,
			);
			path = Server;
			sourceTree = "<group>";
		};
		2A28F6E128CA8C4600AF021E /* Features */ = {
			isa = PBXGroup;
			children = (
				2A28F6E228CA8C5300AF021E /* Home */,
			);
			path = Features;
			sourceTree = "<group>";
		};
		2A28F6E228CA8C5300AF021E /* Home */ = {
			isa = PBXGroup;
			children = (
				2A28F6E328CA8C6700AF021E /* HomeViewModelTests.swift */,
			);
			path = Home;
			sourceTree = "<group>";
		};
		2A28F6E728CA8ECD00AF021E /* Data */ = {
			isa = PBXGroup;
			children = (
				2A28F6D328CA83C800AF021E /* BurgersDataFakes.swift */,
			);
			path = Data;
			sourceTree = "<group>";
		};
		2A28F6EA28CA913C00AF021E /* Local */ = {
			isa = PBXGroup;
			children = (
				2A28F6EB28CA914700AF021E /* BurgerLocal.swift */,
			);
			path = Local;
			sourceTree = "<group>";
		};
		2A28F6EF28CA970B00AF021E /* Components */ = {
			isa = PBXGroup;
			children = (
				2A79A36D28CAAF1900E96783 /* Buttons */,
				2A28F6F528CAA30400AF021E /* Cells */,
				2A79A36A28CAA83A00E96783 /* Images */,
				2A28F6F028CA971200AF021E /* ProgressView */,
			);
			path = Components;
			sourceTree = "<group>";
		};
		2A28F6F028CA971200AF021E /* ProgressView */ = {
			isa = PBXGroup;
			children = (
				2A28F6F128CA972D00AF021E /* MainProgressView.swift */,
			);
			path = ProgressView;
			sourceTree = "<group>";
		};
		2A28F6F528CAA30400AF021E /* Cells */ = {
			isa = PBXGroup;
			children = (
				2A28F6F628CAA31C00AF021E /* BurgerLargeCell.swift */,
			);
			path = Cells;
			sourceTree = "<group>";
		};
		2A5CACE628C7E3C1002B8392 /* Configurations */ = {
			isa = PBXGroup;
			children = (
				2A5CACE728C7E3CA002B8392 /* Configs */,
				2A28F6C928CA816500AF021E /* InfoPlists */,
			);
			path = Configurations;
			sourceTree = "<group>";
		};
		2A5CACE728C7E3CA002B8392 /* Configs */ = {
			isa = PBXGroup;
			children = (
				2A5CACE928C7E422002B8392 /* DevelopmentConfig.xcconfig */,
				2A5CACEA28C7E431002B8392 /* ProductionConfig.xcconfig */,
			);
			path = Configs;
			sourceTree = "<group>";
		};
		2A5CACF128C7E57E002B8392 /* Assets */ = {
			isa = PBXGroup;
			children = (
				2AE72CA428C7E16600FE50F3 /* Assets.xcassets */,
			);
			path = Assets;
			sourceTree = "<group>";
		};
		2A5CACF228C7E59B002B8392 /* Main */ = {
			isa = PBXGroup;
			children = (
				2AE72CA028C7E16500FE50F3 /* BigBurgerApp.swift */,
				2A28F6A228CA726F00AF021E /* BigBurgerAppTests.swift */,
				2A28F6A028CA724B00AF021E /* BigBurgerMain.swift */,
			);
			path = Main;
			sourceTree = "<group>";
		};
		2A5CACF328C7E5AA002B8392 /* Views */ = {
			isa = PBXGroup;
			children = (
				2A28F6EF28CA970B00AF021E /* Components */,
				2A7376E428C94FBF00E1CCCF /* Navigations */,
			);
			path = Views;
			sourceTree = "<group>";
		};
		2A5CACF428C7E608002B8392 /* Base */ = {
			isa = PBXGroup;
			children = (
				2A5CACF528C7E626002B8392 /* BaseXCTestCase.swift */,
			);
			path = Base;
			sourceTree = "<group>";
		};
		2A5CACF728C7E6DD002B8392 /* BigBurgerTestPlans */ = {
			isa = PBXGroup;
			children = (
				2A5CACF828C7E702002B8392 /* Development.xctestplan */,
				2A28F6A428CA74FB00AF021E /* Production.xctestplan */,
			);
			path = BigBurgerTestPlans;
			sourceTree = "<group>";
		};
		2A7376E428C94FBF00E1CCCF /* Navigations */ = {
			isa = PBXGroup;
			children = (
				2AE72CA228C7E16500FE50F3 /* ContentView.swift */,
				2A7376EA28C951A200E1CCCF /* SideBarView.swift */,
				2A7376E528C9506C00E1CCCF /* TabBarView.swift */,
			);
			path = Navigations;
			sourceTree = "<group>";
		};
		2A7376E728C950EF00E1CCCF /* Features */ = {
			isa = PBXGroup;
			children = (
				2A7376E928C9512100E1CCCF /* Cart */,
				2A7376E828C9510C00E1CCCF /* Home */,
			);
			path = Features;
			sourceTree = "<group>";
		};
		2A7376E828C9510C00E1CCCF /* Home */ = {
			isa = PBXGroup;
			children = (
				2A7376EC28C952A900E1CCCF /* HomeView.swift */,
				2A28F6DF28CA8C1500AF021E /* HomeViewModel.swift */,
			);
			path = Home;
			sourceTree = "<group>";
		};
		2A7376E928C9512100E1CCCF /* Cart */ = {
			isa = PBXGroup;
			children = (
				2A7376EE28C9532100E1CCCF /* CartView.swift */,
			);
			path = Cart;
			sourceTree = "<group>";
		};
		2A79A36A28CAA83A00E96783 /* Images */ = {
			isa = PBXGroup;
			children = (
				2A79A36B28CAA88F00E96783 /* AsyncImageView.swift */,
			);
			path = Images;
			sourceTree = "<group>";
		};
		2A79A36D28CAAF1900E96783 /* Buttons */ = {
			isa = PBXGroup;
			children = (
				2A79A36E28CAAF4300E96783 /* PriceCardButton.swift */,
			);
			path = Buttons;
			sourceTree = "<group>";
		};
		2AE72C6428C7E12400FE50F3 = {
			isa = PBXGroup;
			children = (
				2AE72C9F28C7E16500FE50F3 /* BigBurger */,
				2A5CACF728C7E6DD002B8392 /* BigBurgerTestPlans */,
				2AE72CB028C7E16600FE50F3 /* BigBurgerTests */,
				2AE72C6E28C7E12400FE50F3 /* Products */,
			);
			sourceTree = "<group>";
		};
		2AE72C6E28C7E12400FE50F3 /* Products */ = {
			isa = PBXGroup;
			children = (
				2AE72C9E28C7E16500FE50F3 /* BigBurger.app */,
				2AE72CAD28C7E16600FE50F3 /* BigBurgerTests.xctest */,
			);
			name = Products;
			sourceTree = "<group>";
		};
		2AE72C9F28C7E16500FE50F3 /* BigBurger */ = {
			isa = PBXGroup;
			children = (
				2A5CACF128C7E57E002B8392 /* Assets */,
				2A5CACE628C7E3C1002B8392 /* Configurations */,
				2A28F6B628CA7A3200AF021E /* Enums */,
				2A28F6BF28CA7B1500AF021E /* Extensions */,
				2A7376E728C950EF00E1CCCF /* Features */,
				2A5CACF228C7E59B002B8392 /* Main */,
				2A28F6B228CA778E00AF021E /* Models */,
				2A28F6AA28CA76AC00AF021E /* Protocols */,
				2A28F6A528CA75E900AF021E /* Services */,
				2A5CACF328C7E5AA002B8392 /* Views */,
			);
			path = BigBurger;
			sourceTree = "<group>";
		};
		2AE72CB028C7E16600FE50F3 /* BigBurgerTests */ = {
			isa = PBXGroup;
			children = (
				2A5CACF428C7E608002B8392 /* Base */,
				2A28F6C228CA7C1900AF021E /* Cases */,
				2A28F6CB28CA82FA00AF021E /* Doubles */,
				2A28F6D528CA864400AF021E /* Helpers */,
			);
			path = BigBurgerTests;
			sourceTree = "<group>";
		};
/* End PBXGroup section */

/* Begin PBXNativeTarget section */
		2AE72C9D28C7E16500FE50F3 /* BigBurger */ = {
			isa = PBXNativeTarget;
			buildConfigurationList = 2AE72CBF28C7E16600FE50F3 /* Build configuration list for PBXNativeTarget "BigBurger" */;
			buildPhases = (
				2AE72C9A28C7E16500FE50F3 /* Sources */,
				2AE72C9B28C7E16500FE50F3 /* Frameworks */,
				2AE72C9C28C7E16500FE50F3 /* Resources */,
			);
			buildRules = (
			);
			dependencies = (
			);
			name = BigBurger;
			productName = BigBurger;
			productReference = 2AE72C9E28C7E16500FE50F3 /* BigBurger.app */;
			productType = "com.apple.product-type.application";
		};
		2AE72CAC28C7E16600FE50F3 /* BigBurgerTests */ = {
			isa = PBXNativeTarget;
			buildConfigurationList = 2AE72CC228C7E16600FE50F3 /* Build configuration list for PBXNativeTarget "BigBurgerTests" */;
			buildPhases = (
				2AE72CA928C7E16600FE50F3 /* Sources */,
				2AE72CAA28C7E16600FE50F3 /* Frameworks */,
				2AE72CAB28C7E16600FE50F3 /* Resources */,
			);
			buildRules = (
			);
			dependencies = (
				2AE72CAF28C7E16600FE50F3 /* PBXTargetDependency */,
			);
			name = BigBurgerTests;
			productName = BigBurgerTests;
			productReference = 2AE72CAD28C7E16600FE50F3 /* BigBurgerTests.xctest */;
			productType = "com.apple.product-type.bundle.unit-test";
		};
/* End PBXNativeTarget section */

/* Begin PBXProject section */
		2AE72C6528C7E12400FE50F3 /* Project object */ = {
			isa = PBXProject;
			attributes = {
				BuildIndependentTargetsInParallel = 1;
				LastSwiftUpdateCheck = 1340;
				LastUpgradeCheck = 1340;
				TargetAttributes = {
					2AE72C9D28C7E16500FE50F3 = {
						CreatedOnToolsVersion = 13.4.1;
					};
					2AE72CAC28C7E16600FE50F3 = {
						CreatedOnToolsVersion = 13.4.1;
						TestTargetID = 2AE72C9D28C7E16500FE50F3;
					};
				};
			};
			buildConfigurationList = 2AE72C6828C7E12400FE50F3 /* Build configuration list for PBXProject "BigBurgerApple" */;
			compatibilityVersion = "Xcode 13.0";
			developmentRegion = en;
			hasScannedForEncodings = 0;
			knownRegions = (
				en,
				Base,
			);
			mainGroup = 2AE72C6428C7E12400FE50F3;
			productRefGroup = 2AE72C6E28C7E12400FE50F3 /* Products */;
			projectDirPath = "";
			projectRoot = "";
			targets = (
				2AE72C9D28C7E16500FE50F3 /* BigBurger */,
				2AE72CAC28C7E16600FE50F3 /* BigBurgerTests */,
			);
		};
/* End PBXProject section */

/* Begin PBXResourcesBuildPhase section */
		2AE72C9C28C7E16500FE50F3 /* Resources */ = {
			isa = PBXResourcesBuildPhase;
			buildActionMask = 2147483647;
			files = (
				2AE72CA528C7E16600FE50F3 /* Assets.xcassets in Resources */,
			);
			runOnlyForDeploymentPostprocessing = 0;
		};
		2AE72CAB28C7E16600FE50F3 /* Resources */ = {
			isa = PBXResourcesBuildPhase;
			buildActionMask = 2147483647;
			files = (
				2A28F6D128CA835C00AF021E /* BurgersData.json in Resources */,
			);
			runOnlyForDeploymentPostprocessing = 0;
		};
/* End PBXResourcesBuildPhase section */

/* Begin PBXSourcesBuildPhase section */
		2AE72C9A28C7E16500FE50F3 /* Sources */ = {
			isa = PBXSourcesBuildPhase;
			buildActionMask = 2147483647;
			files = (
				2A79A36C28CAA88F00E96783 /* AsyncImageView.swift in Sources */,
				2A7376EF28C9532100E1CCCF /* CartView.swift in Sources */,
				2A28F6EC28CA914700AF021E /* BurgerLocal.swift in Sources */,
				2A28F6C128CA7B3300AF021E /* Bundle+BaseURL.swift in Sources */,
				2AE72CA328C7E16500FE50F3 /* ContentView.swift in Sources */,
				2A28F6F228CA972D00AF021E /* MainProgressView.swift in Sources */,
				2A28F6E028CA8C1500AF021E /* HomeViewModel.swift in Sources */,
				2A28F6A128CA724B00AF021E /* BigBurgerMain.swift in Sources */,
				2A7376EB28C951A200E1CCCF /* SideBarView.swift in Sources */,
				2A79A36F28CAAF4300E96783 /* PriceCardButton.swift in Sources */,
				2A28F6B528CA77BB00AF021E /* BurgerData.swift in Sources */,
				2A28F6F728CAA31C00AF021E /* BurgerLargeCell.swift in Sources */,
				2A7376E628C9506C00E1CCCF /* TabBarView.swift in Sources */,
				2A28F6EE28CA952B00AF021E /* HomeAlert.swift in Sources */,
				2A28F6B128CA771300AF021E /* URLSessionProtocol.swift in Sources */,
				2A7376ED28C952A900E1CCCF /* HomeView.swift in Sources */,
				2AE72CA128C7E16500FE50F3 /* BigBurgerApp.swift in Sources */,
				2A28F6BE28CA7AE800AF021E /* ServerEndpoint.swift in Sources */,
				2A28F6AD28CA76DC00AF021E /* ServerProtocol.swift in Sources */,
				2A28F6F828CAA41200AF021E /* BurgersDataFakes.swift in Sources */,
				2A28F6A328CA726F00AF021E /* BigBurgerAppTests.swift in Sources */,
				2A28F6A828CA760700AF021E /* ServerService.swift in Sources */,
				2A28F6F428CA976F00AF021E /* Color+Names.swift in Sources */,
				2A28F6BC28CA7AA900AF021E /* ServerError.swift in Sources */,
			);
			runOnlyForDeploymentPostprocessing = 0;
		};
		2AE72CA928C7E16600FE50F3 /* Sources */ = {
			isa = PBXSourcesBuildPhase;
			buildActionMask = 2147483647;
			files = (
				2A28F6CF28CA832E00AF021E /* JsonFileName.swift in Sources */,
				2A5CACF628C7E626002B8392 /* BaseXCTestCase.swift in Sources */,
				2A28F6D728CA865D00AF021E /* UnitTestsHelpers.swift in Sources */,
				2A28F6E428CA8C6700AF021E /* HomeViewModelTests.swift in Sources */,
				2A28F6DC28CA874B00AF021E /* ServerSideServiceMock.swift in Sources */,
				2A28F6C728CA7C5400AF021E /* ServerEndpointTests.swift in Sources */,
				2A28F6D428CA83C800AF021E /* BurgersDataFakes.swift in Sources */,
				2A28F6DE28CA893B00AF021E /* URLSessionMock.swift in Sources */,
			);
			runOnlyForDeploymentPostprocessing = 0;
		};
/* End PBXSourcesBuildPhase section */

/* Begin PBXTargetDependency section */
		2AE72CAF28C7E16600FE50F3 /* PBXTargetDependency */ = {
			isa = PBXTargetDependency;
			target = 2AE72C9D28C7E16500FE50F3 /* BigBurger */;
			targetProxy = 2AE72CAE28C7E16600FE50F3 /* PBXContainerItemProxy */;
		};
/* End PBXTargetDependency section */

/* Begin XCBuildConfiguration section */
		2A5CACEB28C7E483002B8392 /* Production */ = {
			isa = XCBuildConfiguration;
			buildSettings = {
				ALWAYS_SEARCH_USER_PATHS = NO;
				CLANG_ANALYZER_NONNULL = YES;
				CLANG_ANALYZER_NUMBER_OBJECT_CONVERSION = YES_AGGRESSIVE;
				CLANG_CXX_LANGUAGE_STANDARD = "gnu++17";
				CLANG_ENABLE_MODULES = YES;
				CLANG_ENABLE_OBJC_ARC = YES;
				CLANG_ENABLE_OBJC_WEAK = YES;
				CLANG_WARN_BLOCK_CAPTURE_AUTORELEASING = YES;
				CLANG_WARN_BOOL_CONVERSION = YES;
				CLANG_WARN_COMMA = YES;
				CLANG_WARN_CONSTANT_CONVERSION = YES;
				CLANG_WARN_DEPRECATED_OBJC_IMPLEMENTATIONS = YES;
				CLANG_WARN_DIRECT_OBJC_ISA_USAGE = YES_ERROR;
				CLANG_WARN_DOCUMENTATION_COMMENTS = YES;
				CLANG_WARN_EMPTY_BODY = YES;
				CLANG_WARN_ENUM_CONVERSION = YES;
				CLANG_WARN_INFINITE_RECURSION = YES;
				CLANG_WARN_INT_CONVERSION = YES;
				CLANG_WARN_NON_LITERAL_NULL_CONVERSION = YES;
				CLANG_WARN_OBJC_IMPLICIT_RETAIN_SELF = YES;
				CLANG_WARN_OBJC_LITERAL_CONVERSION = YES;
				CLANG_WARN_OBJC_ROOT_CLASS = YES_ERROR;
				CLANG_WARN_QUOTED_INCLUDE_IN_FRAMEWORK_HEADER = YES;
				CLANG_WARN_RANGE_LOOP_ANALYSIS = YES;
				CLANG_WARN_STRICT_PROTOTYPES = YES;
				CLANG_WARN_SUSPICIOUS_MOVE = YES;
				CLANG_WARN_UNGUARDED_AVAILABILITY = YES_AGGRESSIVE;
				CLANG_WARN_UNREACHABLE_CODE = YES;
				CLANG_WARN__DUPLICATE_METHOD_MATCH = YES;
				COPY_PHASE_STRIP = NO;
				DEBUG_INFORMATION_FORMAT = "dwarf-with-dsym";
				ENABLE_NS_ASSERTIONS = NO;
				ENABLE_STRICT_OBJC_MSGSEND = YES;
				GCC_C_LANGUAGE_STANDARD = gnu11;
				GCC_NO_COMMON_BLOCKS = YES;
				GCC_WARN_64_TO_32_BIT_CONVERSION = YES;
				GCC_WARN_ABOUT_RETURN_TYPE = YES_ERROR;
				GCC_WARN_UNDECLARED_SELECTOR = YES;
				GCC_WARN_UNINITIALIZED_AUTOS = YES_AGGRESSIVE;
				GCC_WARN_UNUSED_FUNCTION = YES;
				GCC_WARN_UNUSED_VARIABLE = YES;
				IPHONEOS_DEPLOYMENT_TARGET = 15.5;
				MTL_ENABLE_DEBUG_INFO = NO;
				MTL_FAST_MATH = YES;
				SDKROOT = iphoneos;
				SWIFT_COMPILATION_MODE = wholemodule;
				SWIFT_OPTIMIZATION_LEVEL = "-O";
				VALIDATE_PRODUCT = YES;
			};
			name = Production;
		};
		2A5CACEC28C7E483002B8392 /* Production */ = {
			isa = XCBuildConfiguration;
			baseConfigurationReference = 2A5CACEA28C7E431002B8392 /* ProductionConfig.xcconfig */;
			buildSettings = {
				ASSETCATALOG_COMPILER_APPICON_NAME = AppIcon;
				ASSETCATALOG_COMPILER_GLOBAL_ACCENT_COLOR_NAME = AccentColor;
				CODE_SIGN_STYLE = Automatic;
				CURRENT_PROJECT_VERSION = 1;
				DEVELOPMENT_ASSET_PATHS = "";
				DEVELOPMENT_TEAM = P8UNJX8SHV;
				ENABLE_PREVIEWS = YES;
				GENERATE_INFOPLIST_FILE = YES;
				INFOPLIST_FILE = BigBurger/Configurations/InfoPlists/BigBurgerInfo.plist;
				INFOPLIST_KEY_CFBundleDisplayName = Develop;
				INFOPLIST_KEY_UIApplicationSceneManifest_Generation = YES;
				INFOPLIST_KEY_UIApplicationSupportsIndirectInputEvents = YES;
				INFOPLIST_KEY_UILaunchScreen_Generation = YES;
				INFOPLIST_KEY_UISupportedInterfaceOrientations_iPad = "UIInterfaceOrientationPortrait UIInterfaceOrientationPortraitUpsideDown UIInterfaceOrientationLandscapeLeft UIInterfaceOrientationLandscapeRight";
				INFOPLIST_KEY_UISupportedInterfaceOrientations_iPhone = "UIInterfaceOrientationPortrait UIInterfaceOrientationLandscapeLeft UIInterfaceOrientationLandscapeRight";
				LD_RUNPATH_SEARCH_PATHS = (
					"$(inherited)",
					"@executable_path/Frameworks",
				);
				MARKETING_VERSION = 1.0;
				PRODUCT_BUNDLE_IDENTIFIER = com.RolandLariotte.BigBurger;
				PRODUCT_NAME = "$(TARGET_NAME)";
				SWIFT_EMIT_LOC_STRINGS = YES;
				SWIFT_VERSION = 5.0;
				TARGETED_DEVICE_FAMILY = "1,2";
			};
			name = Production;
		};
		2A5CACED28C7E483002B8392 /* Production */ = {
			isa = XCBuildConfiguration;
			buildSettings = {
				ALWAYS_EMBED_SWIFT_STANDARD_LIBRARIES = YES;
				BUNDLE_LOADER = "$(TEST_HOST)";
				CODE_SIGN_STYLE = Automatic;
				CURRENT_PROJECT_VERSION = 1;
				DEVELOPMENT_TEAM = P8UNJX8SHV;
				GENERATE_INFOPLIST_FILE = YES;
				IPHONEOS_DEPLOYMENT_TARGET = 15.5;
				MARKETING_VERSION = 1.0;
				PRODUCT_BUNDLE_IDENTIFIER = com.RolandLariotte.BigBurgerTests;
				PRODUCT_NAME = "$(TARGET_NAME)";
				SWIFT_EMIT_LOC_STRINGS = NO;
				SWIFT_VERSION = 5.0;
				TARGETED_DEVICE_FAMILY = "1,2";
				TEST_HOST = "$(BUILT_PRODUCTS_DIR)/BigBurger.app/BigBurger";
			};
			name = Production;
		};
		2A5CACEE28C7E48F002B8392 /* Development */ = {
			isa = XCBuildConfiguration;
			buildSettings = {
				ALWAYS_SEARCH_USER_PATHS = NO;
				CLANG_ANALYZER_NONNULL = YES;
				CLANG_ANALYZER_NUMBER_OBJECT_CONVERSION = YES_AGGRESSIVE;
				CLANG_CXX_LANGUAGE_STANDARD = "gnu++17";
				CLANG_ENABLE_MODULES = YES;
				CLANG_ENABLE_OBJC_ARC = YES;
				CLANG_ENABLE_OBJC_WEAK = YES;
				CLANG_WARN_BLOCK_CAPTURE_AUTORELEASING = YES;
				CLANG_WARN_BOOL_CONVERSION = YES;
				CLANG_WARN_COMMA = YES;
				CLANG_WARN_CONSTANT_CONVERSION = YES;
				CLANG_WARN_DEPRECATED_OBJC_IMPLEMENTATIONS = YES;
				CLANG_WARN_DIRECT_OBJC_ISA_USAGE = YES_ERROR;
				CLANG_WARN_DOCUMENTATION_COMMENTS = YES;
				CLANG_WARN_EMPTY_BODY = YES;
				CLANG_WARN_ENUM_CONVERSION = YES;
				CLANG_WARN_INFINITE_RECURSION = YES;
				CLANG_WARN_INT_CONVERSION = YES;
				CLANG_WARN_NON_LITERAL_NULL_CONVERSION = YES;
				CLANG_WARN_OBJC_IMPLICIT_RETAIN_SELF = YES;
				CLANG_WARN_OBJC_LITERAL_CONVERSION = YES;
				CLANG_WARN_OBJC_ROOT_CLASS = YES_ERROR;
				CLANG_WARN_QUOTED_INCLUDE_IN_FRAMEWORK_HEADER = YES;
				CLANG_WARN_RANGE_LOOP_ANALYSIS = YES;
				CLANG_WARN_STRICT_PROTOTYPES = YES;
				CLANG_WARN_SUSPICIOUS_MOVE = YES;
				CLANG_WARN_UNGUARDED_AVAILABILITY = YES_AGGRESSIVE;
				CLANG_WARN_UNREACHABLE_CODE = YES;
				CLANG_WARN__DUPLICATE_METHOD_MATCH = YES;
				COPY_PHASE_STRIP = NO;
				DEBUG_INFORMATION_FORMAT = dwarf;
				ENABLE_STRICT_OBJC_MSGSEND = YES;
				ENABLE_TESTABILITY = YES;
				GCC_C_LANGUAGE_STANDARD = gnu11;
				GCC_DYNAMIC_NO_PIC = NO;
				GCC_NO_COMMON_BLOCKS = YES;
				GCC_OPTIMIZATION_LEVEL = 0;
				GCC_PREPROCESSOR_DEFINITIONS = (
					"DEBUG=1",
					"$(inherited)",
				);
				GCC_WARN_64_TO_32_BIT_CONVERSION = YES;
				GCC_WARN_ABOUT_RETURN_TYPE = YES_ERROR;
				GCC_WARN_UNDECLARED_SELECTOR = YES;
				GCC_WARN_UNINITIALIZED_AUTOS = YES_AGGRESSIVE;
				GCC_WARN_UNUSED_FUNCTION = YES;
				GCC_WARN_UNUSED_VARIABLE = YES;
				IPHONEOS_DEPLOYMENT_TARGET = 15.5;
				MTL_ENABLE_DEBUG_INFO = INCLUDE_SOURCE;
				MTL_FAST_MATH = YES;
				ONLY_ACTIVE_ARCH = YES;
				SDKROOT = iphoneos;
				SWIFT_ACTIVE_COMPILATION_CONDITIONS = DEVELOPMENT;
				SWIFT_OPTIMIZATION_LEVEL = "-Onone";
			};
			name = Development;
		};
		2A5CACEF28C7E48F002B8392 /* Development */ = {
			isa = XCBuildConfiguration;
			baseConfigurationReference = 2A5CACE928C7E422002B8392 /* DevelopmentConfig.xcconfig */;
			buildSettings = {
				ASSETCATALOG_COMPILER_APPICON_NAME = AppIcon;
				ASSETCATALOG_COMPILER_GLOBAL_ACCENT_COLOR_NAME = AccentColor;
				CODE_SIGN_STYLE = Automatic;
				CURRENT_PROJECT_VERSION = 1;
				DEVELOPMENT_ASSET_PATHS = "";
				DEVELOPMENT_TEAM = P8UNJX8SHV;
				ENABLE_PREVIEWS = YES;
				GENERATE_INFOPLIST_FILE = YES;
				INFOPLIST_FILE = BigBurger/Configurations/InfoPlists/BigBurgerInfo.plist;
				INFOPLIST_KEY_CFBundleDisplayName = Develop;
				INFOPLIST_KEY_UIApplicationSceneManifest_Generation = YES;
				INFOPLIST_KEY_UIApplicationSupportsIndirectInputEvents = YES;
				INFOPLIST_KEY_UILaunchScreen_Generation = YES;
				INFOPLIST_KEY_UISupportedInterfaceOrientations_iPad = "UIInterfaceOrientationPortrait UIInterfaceOrientationPortraitUpsideDown UIInterfaceOrientationLandscapeLeft UIInterfaceOrientationLandscapeRight";
				INFOPLIST_KEY_UISupportedInterfaceOrientations_iPhone = "UIInterfaceOrientationPortrait UIInterfaceOrientationLandscapeLeft UIInterfaceOrientationLandscapeRight";
				LD_RUNPATH_SEARCH_PATHS = (
					"$(inherited)",
					"@executable_path/Frameworks",
				);
				MARKETING_VERSION = 1.0;
				PRODUCT_BUNDLE_IDENTIFIER = com.RolandLariotte.BigBurger;
				PRODUCT_NAME = "$(TARGET_NAME)";
				SWIFT_ACTIVE_COMPILATION_CONDITIONS = DEVELOP;
				SWIFT_EMIT_LOC_STRINGS = YES;
				SWIFT_VERSION = 5.0;
				TARGETED_DEVICE_FAMILY = "1,2";
			};
			name = Development;
		};
		2A5CACF028C7E48F002B8392 /* Development */ = {
			isa = XCBuildConfiguration;
			buildSettings = {
				ALWAYS_EMBED_SWIFT_STANDARD_LIBRARIES = YES;
				BUNDLE_LOADER = "$(TEST_HOST)";
				CODE_SIGN_STYLE = Automatic;
				CURRENT_PROJECT_VERSION = 1;
				DEVELOPMENT_TEAM = P8UNJX8SHV;
				GENERATE_INFOPLIST_FILE = YES;
				IPHONEOS_DEPLOYMENT_TARGET = 15.5;
				MARKETING_VERSION = 1.0;
				PRODUCT_BUNDLE_IDENTIFIER = com.RolandLariotte.BigBurgerTests;
				PRODUCT_NAME = "$(TARGET_NAME)";
				SWIFT_EMIT_LOC_STRINGS = NO;
				SWIFT_VERSION = 5.0;
				TARGETED_DEVICE_FAMILY = "1,2";
				TEST_HOST = "$(BUILT_PRODUCTS_DIR)/BigBurger.app/BigBurger";
			};
			name = Development;
		};
/* End XCBuildConfiguration section */

/* Begin XCConfigurationList section */
		2AE72C6828C7E12400FE50F3 /* Build configuration list for PBXProject "BigBurgerApple" */ = {
			isa = XCConfigurationList;
			buildConfigurations = (
				2A5CACEE28C7E48F002B8392 /* Development */,
				2A5CACEB28C7E483002B8392 /* Production */,
			);
			defaultConfigurationIsVisible = 0;
			defaultConfigurationName = Development;
		};
		2AE72CBF28C7E16600FE50F3 /* Build configuration list for PBXNativeTarget "BigBurger" */ = {
			isa = XCConfigurationList;
			buildConfigurations = (
				2A5CACEF28C7E48F002B8392 /* Development */,
				2A5CACEC28C7E483002B8392 /* Production */,
			);
			defaultConfigurationIsVisible = 0;
			defaultConfigurationName = Development;
		};
		2AE72CC228C7E16600FE50F3 /* Build configuration list for PBXNativeTarget "BigBurgerTests" */ = {
			isa = XCConfigurationList;
			buildConfigurations = (
				2A5CACF028C7E48F002B8392 /* Development */,
				2A5CACED28C7E483002B8392 /* Production */,
			);
			defaultConfigurationIsVisible = 0;
			defaultConfigurationName = Development;
		};
/* End XCConfigurationList section */
	};
	rootObject = 2AE72C6528C7E12400FE50F3 /* Project object */;
}
